
Microsoft Visual Studio Solution File, Format Version 12.00
# Visual Studio 2013
VisualStudioVersion = 12.0.21005.1
MinimumVisualStudioVersion = 10.0.40219.1
Project("{FAE04EC0-301F-11D3-BF4B-00C04F79EFBC}") = "testProject", "testProject\testProject.csproj", "{1DB5F905-0913-4F8C-8EDA-3E649F209FCC}"
EndProject
Project("{FAE04EC0-301F-11D3-BF4B-00C04F79EFBC}") = "triangleApp", "triangleApp\triangleApp.csproj", "{DF6AF2DB-F6F4-4117-9A99-62A981EB5EAF}"
EndProject
Global
	GlobalSection(SolutionConfigurationPlatforms) = preSolution
		Debug|Any CPU = Debug|Any CPU
		Release|Any CPU = Release|Any CPU
	EndGlobalSection
	GlobalSection(ProjectConfigurationPlatforms) = postSolution
		{1DB5F905-0913-4F8C-8EDA-3E649F209FCC}.Debug|Any CPU.ActiveCfg = Debug|Any CPU
		{1DB5F905-0913-4F8C-8EDA-3E649F209FCC}.Debug|Any CPU.Build.0 = Debug|Any CPU
		{1DB5F905-0913-4F8C-8EDA-3E649F209FCC}.Release|Any CPU.ActiveCfg = Release|Any CPU
		{1DB5F905-0913-4F8C-8EDA-3E649F209FCC}.Release|Any CPU.Build.0 = Release|Any CPU
		{DF6AF2DB-F6F4-4117-9A99-62A981EB5EAF}.Debug|Any CPU.ActiveCfg = Debug|Any CPU
		{DF6AF2DB-F6F4-4117-9A99-62A981EB5EAF}.Debug|Any CPU.Build.0 = Debug|Any CPU
		{DF6AF2DB-F6F4-4117-9A99-62A981EB5EAF}.Release|Any CPU.ActiveCfg = Release|Any CPU
		{DF6AF2DB-F6F4-4117-9A99-62A981EB5EAF}.Release|Any CPU.Build.0 = Release|Any CPU
	EndGlobalSection
	GlobalSection(SolutionProperties) = preSolution
		HideSolutionNode = FALSE
	EndGlobalSection
EndGlobal
